
Microsoft Visual Studio Solution File, Format Version 12.00
# Visual Studio Version 16
VisualStudioVersion = 16.0.30804.86
MinimumVisualStudioVersion = 10.0.40219.1
Project("{FAE04EC0-301F-11D3-BF4B-00C04F79EFBC}") = "HW2_1", "HW2\HW2_1.csproj", "{49B381B4-B60D-4A6F-9198-39A38C0162CF}"
EndProject
Project("{FAE04EC0-301F-11D3-BF4B-00C04F79EFBC}") = "HW2_2", "HW2_2\HW2_2.csproj", "{002A368A-C02A-4910-8CFC-61371878C38B}"
EndProject
Project("{FAE04EC0-301F-11D3-BF4B-00C04F79EFBC}") = "HW2_3", "HW2_3\HW2_3.csproj", "{8C9AF91B-DE6A-4D34-871B-BC7E553C7443}"
EndProject
Project("{FAE04EC0-301F-11D3-BF4B-00C04F79EFBC}") = "HW2_4", "HW2_4\HW2_4.csproj", "{A1B6BBBC-D188-4435-AF4C-0922BAFC193D}"
EndProject
Global
	GlobalSection(SolutionConfigurationPlatforms) = preSolution
		Debug|Any CPU = Debug|Any CPU
		Release|Any CPU = Release|Any CPU
	EndGlobalSection
	GlobalSection(ProjectConfigurationPlatforms) = postSolution
		{49B381B4-B60D-4A6F-9198-39A38C0162CF}.Debug|Any CPU.ActiveCfg = Debug|Any CPU
		{49B381B4-B60D-4A6F-9198-39A38C0162CF}.Debug|Any CPU.Build.0 = Debug|Any CPU
		{49B381B4-B60D-4A6F-9198-39A38C0162CF}.Release|Any CPU.ActiveCfg = Release|Any CPU
		{49B381B4-B60D-4A6F-9198-39A38C0162CF}.Release|Any CPU.Build.0 = Release|Any CPU
		{002A368A-C02A-4910-8CFC-61371878C38B}.Debug|Any CPU.ActiveCfg = Debug|Any CPU
		{002A368A-C02A-4910-8CFC-61371878C38B}.Debug|Any CPU.Build.0 = Debug|Any CPU
		{002A368A-C02A-4910-8CFC-61371878C38B}.Release|Any CPU.ActiveCfg = Release|Any CPU
		{002A368A-C02A-4910-8CFC-61371878C38B}.Release|Any CPU.Build.0 = Release|Any CPU
		{8C9AF91B-DE6A-4D34-871B-BC7E553C7443}.Debug|Any CPU.ActiveCfg = Debug|Any CPU
		{8C9AF91B-DE6A-4D34-871B-BC7E553C7443}.Debug|Any CPU.Build.0 = Debug|Any CPU
		{8C9AF91B-DE6A-4D34-871B-BC7E553C7443}.Release|Any CPU.ActiveCfg = Release|Any CPU
		{8C9AF91B-DE6A-4D34-871B-BC7E553C7443}.Release|Any CPU.Build.0 = Release|Any CPU
		{A1B6BBBC-D188-4435-AF4C-0922BAFC193D}.Debug|Any CPU.ActiveCfg = Debug|Any CPU
		{A1B6BBBC-D188-4435-AF4C-0922BAFC193D}.Debug|Any CPU.Build.0 = Debug|Any CPU
		{A1B6BBBC-D188-4435-AF4C-0922BAFC193D}.Release|Any CPU.ActiveCfg = Release|Any CPU
		{A1B6BBBC-D188-4435-AF4C-0922BAFC193D}.Release|Any CPU.Build.0 = Release|Any CPU
	EndGlobalSection
	GlobalSection(SolutionProperties) = preSolution
		HideSolutionNode = FALSE
	EndGlobalSection
	GlobalSection(ExtensibilityGlobals) = postSolution
		SolutionGuid = {1010A45F-6BEE-4256-899A-91AC89CA4F2E}
	EndGlobalSection
EndGlobal
